
Microsoft Visual Studio Solution File, Format Version 12.00
# Visual Studio Version 17
VisualStudioVersion = 17.9.34714.143
MinimumVisualStudioVersion = 10.0.40219.1
Project("{FAE04EC0-301F-11D3-BF4B-00C04F79EFBC}") = "Brute Force 2", "Brute Force 2\Brute Force 2.csproj", "{4F33DCB0-E633-4F25-B63D-EFCC3466CFA0}"
EndProject
Global
	GlobalSection(SolutionConfigurationPlatforms) = preSolution
		Debug|Any CPU = Debug|Any CPU
		Release|Any CPU = Release|Any CPU
	EndGlobalSection
	GlobalSection(ProjectConfigurationPlatforms) = postSolution
		{4F33DCB0-E633-4F25-B63D-EFCC3466CFA0}.Debug|Any CPU.ActiveCfg = Debug|Any CPU
		{4F33DCB0-E633-4F25-B63D-EFCC3466CFA0}.Debug|Any CPU.Build.0 = Debug|Any CPU
		{4F33DCB0-E633-4F25-B63D-EFCC3466CFA0}.Release|Any CPU.ActiveCfg = Release|Any CPU
		{4F33DCB0-E633-4F25-B63D-EFCC3466CFA0}.Release|Any CPU.Build.0 = Release|Any CPU
	EndGlobalSection
	GlobalSection(SolutionProperties) = preSolution
		HideSolutionNode = FALSE
	EndGlobalSection
	GlobalSection(ExtensibilityGlobals) = postSolution
		SolutionGuid = {64FA8037-71BE-4D70-98EE-6AF31D764E11}
	EndGlobalSection
EndGlobal
